// !$*UTF8*$!
{
	archiveVersion = 1;
	classes = {
	};
	objectVersion = 46;
	objects = {

/* Begin PBXBuildFile section */
		67FBB7321D67CAFC00999538 /* AppDelegate.swift in Sources */ = {isa = PBXBuildFile; fileRef = 67FBB7311D67CAFC00999538 /* AppDelegate.swift */; };
		67FBB7341D67CAFC00999538 /* ViewController.swift in Sources */ = {isa = PBXBuildFile; fileRef = 67FBB7331D67CAFC00999538 /* ViewController.swift */; };
		67FBB7371D67CAFC00999538 /* Main.storyboard in Resources */ = {isa = PBXBuildFile; fileRef = 67FBB7351D67CAFC00999538 /* Main.storyboard */; };
		67FBB7391D67CAFD00999538 /* Images.xcassets in Resources */ = {isa = PBXBuildFile; fileRef = 67FBB7381D67CAFD00999538 /* Images.xcassets */; };
		67FBB73C1D67CAFD00999538 /* LaunchScreen.xib in Resources */ = {isa = PBXBuildFile; fileRef = 67FBB73A1D67CAFD00999538 /* LaunchScreen.xib */; };
		67FBB7481D67CAFD00999538 /* MapLocationTests.swift in Sources */ = {isa = PBXBuildFile; fileRef = 67FBB7471D67CAFD00999538 /* MapLocationTests.swift */; };
/* End PBXBuildFile section */

/* Begin PBXContainerItemProxy section */
		67FBB7421D67CAFD00999538 /* PBXContainerItemProxy */ = {
			isa = PBXContainerItemProxy;
			containerPortal = 67FBB7241D67CAFC00999538 /* Project object */;
			proxyType = 1;
			remoteGlobalIDString = 67FBB72B1D67CAFC00999538;
			remoteInfo = MapLocation;
		};
/* End PBXContainerItemProxy section */

/* Begin PBXFileReference section */
		67FBB72C1D67CAFC00999538 /* MapLocation.app */ = {isa = PBXFileReference; explicitFileType = wrapper.application; includeInIndex = 0; path = MapLocation.app; sourceTree = BUILT_PRODUCTS_DIR; };
		67FBB7301D67CAFC00999538 /* Info.plist */ = {isa = PBXFileReference; lastKnownFileType = text.plist.xml; path = Info.plist; sourceTree = "<group>"; };
		67FBB7311D67CAFC00999538 /* AppDelegate.swift */ = {isa = PBXFileReference; lastKnownFileType = sourcecode.swift; path = AppDelegate.swift; sourceTree = "<group>"; };
		67FBB7331D67CAFC00999538 /* ViewController.swift */ = {isa = PBXFileReference; lastKnownFileType = sourcecode.swift; path = ViewController.swift; sourceTree = "<group>"; };
		67FBB7361D67CAFC00999538 /* Base */ = {isa = PBXFileReference; lastKnownFileType = file.storyboard; name = Base; path = Base.lproj/Main.storyboard; sourceTree = "<group>"; };
		67FBB7381D67CAFD00999538 /* Images.xcassets */ = {isa = PBXFileReference; lastKnownFileType = folder.assetcatalog; path = Images.xcassets; sourceTree = "<group>"; };
		67FBB73B1D67CAFD00999538 /* Base */ = {isa = PBXFileReference; lastKnownFileType = file.xib; name = Base; path = Base.lproj/LaunchScreen.xib; sourceTree = "<group>"; };
		67FBB7411D67CAFD00999538 /* MapLocationTests.xctest */ = {isa = PBXFileReference; explicitFileType = wrapper.cfbundle; includeInIndex = 0; path = MapLocationTests.xctest; sourceTree = BUILT_PRODUCTS_DIR; };
		67FBB7461D67CAFD00999538 /* Info.plist */ = {isa = PBXFileReference; lastKnownFileType = text.plist.xml; path = Info.plist; sourceTree = "<group>"; };
		67FBB7471D67CAFD00999538 /* MapLocationTests.swift */ = {isa = PBXFileReference; lastKnownFileType = sourcecode.swift; path = MapLocationTests.swift; sourceTree = "<group>"; };
/* End PBXFileReference section */

/* Begin PBXFrameworksBuildPhase section */
		67FBB7291D67CAFC00999538 /* Frameworks */ = {
			isa = PBXFrameworksBuildPhase;
			buildActionMask = 2147483647;
			files = (
			);
			runOnlyForDeploymentPostprocessing = 0;
		};
		67FBB73E1D67CAFD00999538 /* Frameworks */ = {
			isa = PBXFrameworksBuildPhase;
			buildActionMask = 2147483647;
			files = (
			);
			runOnlyForDeploymentPostprocessing = 0;
		};
/* End PBXFrameworksBuildPhase section */

/* Begin PBXGroup section */
		67FBB7231D67CAFC00999538 = {
			isa = PBXGroup;
			children = (
				67FBB72E1D67CAFC00999538 /* MapLocation */,
				67FBB7441D67CAFD00999538 /* MapLocationTests */,
				67FBB72D1D67CAFC00999538 /* Products */,
			);
			sourceTree = "<group>";
		};
		67FBB72D1D67CAFC00999538 /* Products */ = {
			isa = PBXGroup;
			children = (
				67FBB72C1D67CAFC00999538 /* MapLocation.app */,
				67FBB7411D67CAFD00999538 /* MapLocationTests.xctest */,
			);
			name = Products;
			sourceTree = "<group>";
		};
		67FBB72E1D67CAFC00999538 /* MapLocation */ = {
			isa = PBXGroup;
			children = (
				67FBB7311D67CAFC00999538 /* AppDelegate.swift */,
				67FBB7331D67CAFC00999538 /* ViewController.swift */,
				67FBB7351D67CAFC00999538 /* Main.storyboard */,
				67FBB7381D67CAFD00999538 /* Images.xcassets */,
				67FBB73A1D67CAFD00999538 /* LaunchScreen.xib */,
				67FBB72F1D67CAFC00999538 /* Supporting Files */,
			);
			path = MapLocation;
			sourceTree = "<group>";
		};
		67FBB72F1D67CAFC00999538 /* Supporting Files */ = {
			isa = PBXGroup;
			children = (
				67FBB7301D67CAFC00999538 /* Info.plist */,
			);
			name = "Supporting Files";
			sourceTree = "<group>";
		};
		67FBB7441D67CAFD00999538 /* MapLocationTests */ = {
			isa = PBXGroup;
			children = (
				67FBB7471D67CAFD00999538 /* MapLocationTests.swift */,
				67FBB7451D67CAFD00999538 /* Supporting Files */,
			);
			path = MapLocationTests;
			sourceTree = "<group>";
		};
		67FBB7451D67CAFD00999538 /* Supporting Files */ = {
			isa = PBXGroup;
			children = (
				67FBB7461D67CAFD00999538 /* Info.plist */,
			);
			name = "Supporting Files";
			sourceTree = "<group>";
		};
/* End PBXGroup section */

/* Begin PBXNativeTarget section */
		67FBB72B1D67CAFC00999538 /* MapLocation */ = {
			isa = PBXNativeTarget;
			buildConfigurationList = 67FBB74B1D67CAFD00999538 /* Build configuration list for PBXNativeTarget "MapLocation" */;
			buildPhases = (
				67FBB7281D67CAFC00999538 /* Sources */,
				67FBB7291D67CAFC00999538 /* Frameworks */,
				67FBB72A1D67CAFC00999538 /* Resources */,
			);
			buildRules = (
			);
			dependencies = (
			);
			name = MapLocation;
			productName = MapLocation;
			productReference = 67FBB72C1D67CAFC00999538 /* MapLocation.app */;
			productType = "com.apple.product-type.application";
		};
		67FBB7401D67CAFD00999538 /* MapLocationTests */ = {
			isa = PBXNativeTarget;
			buildConfigurationList = 67FBB74E1D67CAFD00999538 /* Build configuration list for PBXNativeTarget "MapLocationTests" */;
			buildPhases = (
				67FBB73D1D67CAFD00999538 /* Sources */,
				67FBB73E1D67CAFD00999538 /* Frameworks */,
				67FBB73F1D67CAFD00999538 /* Resources */,
			);
			buildRules = (
			);
			dependencies = (
				67FBB7431D67CAFD00999538 /* PBXTargetDependency */,
			);
			name = MapLocationTests;
			productName = MapLocationTests;
			productReference = 67FBB7411D67CAFD00999538 /* MapLocationTests.xctest */;
			productType = "com.apple.product-type.bundle.unit-test";
		};
/* End PBXNativeTarget section */

/* Begin PBXProject section */
		67FBB7241D67CAFC00999538 /* Project object */ = {
			isa = PBXProject;
			attributes = {
				LastUpgradeCheck = 0640;
				ORGANIZATIONNAME = com.ifsp;
				TargetAttributes = {
					67FBB72B1D67CAFC00999538 = {
						CreatedOnToolsVersion = 6.4;
					};
					67FBB7401D67CAFD00999538 = {
						CreatedOnToolsVersion = 6.4;
						TestTargetID = 67FBB72B1D67CAFC00999538;
					};
				};
			};
			buildConfigurationList = 67FBB7271D67CAFC00999538 /* Build configuration list for PBXProject "MapLocation" */;
			compatibilityVersion = "Xcode 3.2";
			developmentRegion = English;
			hasScannedForEncodings = 0;
			knownRegions = (
				en,
				Base,
			);
			mainGroup = 67FBB7231D67CAFC00999538;
			productRefGroup = 67FBB72D1D67CAFC00999538 /* Products */;
			projectDirPath = "";
			projectRoot = "";
			targets = (
				67FBB72B1D67CAFC00999538 /* MapLocation */,
				67FBB7401D67CAFD00999538 /* MapLocationTests */,
			);
		};
/* End PBXProject section */

/* Begin PBXResourcesBuildPhase section */
		67FBB72A1D67CAFC00999538 /* Resources */ = {
			isa = PBXResourcesBuildPhase;
			buildActionMask = 2147483647;
			files = (
				67FBB7371D67CAFC00999538 /* Main.storyboard in Resources */,
				67FBB73C1D67CAFD00999538 /* LaunchScreen.xib in Resources */,
				67FBB7391D67CAFD00999538 /* Images.xcassets in Resources */,
			);
			runOnlyForDeploymentPostprocessing = 0;
		};
		67FBB73F1D67CAFD00999538 /* Resources */ = {
			isa = PBXResourcesBuildPhase;
			buildActionMask = 2147483647;
			files = (
			);
			runOnlyForDeploymentPostprocessing = 0;
		};
/* End PBXResourcesBuildPhase section */

/* Begin PBXSourcesBuildPhase section */
		67FBB7281D67CAFC00999538 /* Sources */ = {
			isa = PBXSourcesBuildPhase;
			buildActionMask = 2147483647;
			files = (
				67FBB7341D67CAFC00999538 /* ViewController.swift in Sources */,
				67FBB7321D67CAFC00999538 /* AppDelegate.swift in Sources */,
			);
			runOnlyForDeploymentPostprocessing = 0;
		};
		67FBB73D1D67CAFD00999538 /* Sources */ = {
			isa = PBXSourcesBuildPhase;
			buildActionMask = 2147483647;
			files = (
				67FBB7481D67CAFD00999538 /* MapLocationTests.swift in Sources */,
			);
			runOnlyForDeploymentPostprocessing = 0;
		};
/* End PBXSourcesBuildPhase section */

/* Begin PBXTargetDependency section */
		67FBB7431D67CAFD00999538 /* PBXTargetDependency */ = {
			isa = PBXTargetDependency;
			target = 67FBB72B1D67CAFC00999538 /* MapLocation */;
			targetProxy = 67FBB7421D67CAFD00999538 /* PBXContainerItemProxy */;
		};
/* End PBXTargetDependency section */

/* Begin PBXVariantGroup section */
		67FBB7351D67CAFC00999538 /* Main.storyboard */ = {
			isa = PBXVariantGroup;
			children = (
				67FBB7361D67CAFC00999538 /* Base */,
			);
			name = Main.storyboard;
			sourceTree = "<group>";
		};
		67FBB73A1D67CAFD00999538 /* LaunchScreen.xib */ = {
			isa = PBXVariantGroup;
			children = (
				67FBB73B1D67CAFD00999538 /* Base */,
			);
			name = LaunchScreen.xib;
			sourceTree = "<group>";
		};
/* End PBXVariantGroup section */

/* Begin XCBuildConfiguration section */
		67FBB7491D67CAFD00999538 /* Debug */ = {
			isa = XCBuildConfiguration;
			buildSettings = {
				ALWAYS_SEARCH_USER_PATHS = NO;
				CLANG_CXX_LANGUAGE_STANDARD = "gnu++0x";
				CLANG_CXX_LIBRARY = "libc++";
				CLANG_ENABLE_MODULES = YES;
				CLANG_ENABLE_OBJC_ARC = YES;
				CLANG_WARN_BOOL_CONVERSION = YES;
				CLANG_WARN_CONSTANT_CONVERSION = YES;
				CLANG_WARN_DIRECT_OBJC_ISA_USAGE = YES_ERROR;
				CLANG_WARN_EMPTY_BODY = YES;
				CLANG_WARN_ENUM_CONVERSION = YES;
				CLANG_WARN_INT_CONVERSION = YES;
				CLANG_WARN_OBJC_ROOT_CLASS = YES_ERROR;
				CLANG_WARN_UNREACHABLE_CODE = YES;
				CLANG_WARN__DUPLICATE_METHOD_MATCH = YES;
				"CODE_SIGN_IDENTITY[sdk=iphoneos*]" = "iPhone Developer";
				COPY_PHASE_STRIP = NO;
				DEBUG_INFORMATION_FORMAT = "dwarf-with-dsym";
				ENABLE_STRICT_OBJC_MSGSEND = YES;
				GCC_C_LANGUAGE_STANDARD = gnu99;
				GCC_DYNAMIC_NO_PIC = NO;
				GCC_NO_COMMON_BLOCKS = YES;
				GCC_OPTIMIZATION_LEVEL = 0;
				GCC_PREPROCESSOR_DEFINITIONS = (
					"DEBUG=1",
					"$(inherited)",
				);
				GCC_SYMBOLS_PRIVATE_EXTERN = NO;
				GCC_WARN_64_TO_32_BIT_CONVERSION = YES;
				GCC_WARN_ABOUT_RETURN_TYPE = YES_ERROR;
				GCC_WARN_UNDECLARED_SELECTOR = YES;
				GCC_WARN_UNINITIALIZED_AUTOS = YES_AGGRESSIVE;
				GCC_WARN_UNUSED_FUNCTION = YES;
				GCC_WARN_UNUSED_VARIABLE = YES;
				IPHONEOS_DEPLOYMENT_TARGET = 8.4;
				MTL_ENABLE_DEBUG_INFO = YES;
				ONLY_ACTIVE_ARCH = YES;
				SDKROOT = iphoneos;
				SWIFT_OPTIMIZATION_LEVEL = "-Onone";
			};
			name = Debug;
		};
		67FBB74A1D67CAFD00999538 /* Release */ = {
			isa = XCBuildConfiguration;
			buildSettings = {
				ALWAYS_SEARCH_USER_PATHS = NO;
				CLANG_CXX_LANGUAGE_STANDARD = "gnu++0x";
				CLANG_CXX_LIBRARY = "libc++";
				CLANG_ENABLE_MODULES = YES;
				CLANG_ENABLE_OBJC_ARC = YES;
				CLANG_WARN_BOOL_CONVERSION = YES;
				CLANG_WARN_CONSTANT_CONVERSION = YES;
				CLANG_WARN_DIRECT_OBJC_ISA_USAGE = YES_ERROR;
				CLANG_WARN_EMPTY_BODY = YES;
				CLANG_WARN_ENUM_CONVERSION = YES;
				CLANG_WARN_INT_CONVERSION = YES;
				CLANG_WARN_OBJC_ROOT_CLASS = YES_ERROR;
				CLANG_WARN_UNREACHABLE_CODE = YES;
				CLANG_WARN__DUPLICATE_METHOD_MATCH = YES;
				"CODE_SIGN_IDENTITY[sdk=iphoneos*]" = "iPhone Developer";
				COPY_PHASE_STRIP = NO;
				DEBUG_INFORMATION_FORMAT = "dwarf-with-dsym";
				ENABLE_NS_ASSERTIONS = NO;
				ENABLE_STRICT_OBJC_MSGSEND = YES;
				GCC_C_LANGUAGE_STANDARD = gnu99;
				GCC_NO_COMMON_BLOCKS = YES;
				GCC_WARN_64_TO_32_BIT_CONVERSION = YES;
				GCC_WARN_ABOUT_RETURN_TYPE = YES_ERROR;
				GCC_WARN_UNDECLARED_SELECTOR = YES;
				GCC_WARN_UNINITIALIZED_AUTOS = YES_AGGRESSIVE;
				GCC_WARN_UNUSED_FUNCTION = YES;
				GCC_WARN_UNUSED_VARIABLE = YES;
				IPHONEOS_DEPLOYMENT_TARGET = 8.4;
				MTL_ENABLE_DEBUG_INFO = NO;
				SDKROOT = iphoneos;
				VALIDATE_PRODUCT = YES;
			};
			name = Release;
		};
		67FBB74C1D67CAFD00999538 /* Debug */ = {
			isa = XCBuildConfiguration;
			buildSettings = {
				ASSETCATALOG_COMPILER_APPICON_NAME = AppIcon;
				INFOPLIST_FILE = MapLocation/Info.plist;
				LD_RUNPATH_SEARCH_PATHS = "$(inherited) @executable_path/Frameworks";
				PRODUCT_NAME = "$(TARGET_NAME)";
			};
			name = Debug;
		};
		67FBB74D1D67CAFD00999538 /* Release */ = {
			isa = XCBuildConfiguration;
			buildSettings = {
				ASSETCATALOG_COMPILER_APPICON_NAME = AppIcon;
				INFOPLIST_FILE = MapLocation/Info.plist;
				LD_RUNPATH_SEARCH_PATHS = "$(inherited) @executable_path/Frameworks";
				PRODUCT_NAME = "$(TARGET_NAME)";
			};
			name = Release;
		};
		67FBB74F1D67CAFD00999538 /* Debug */ = {
			isa = XCBuildConfiguration;
			buildSettings = {
				BUNDLE_LOADER = "$(TEST_HOST)";
				FRAMEWORK_SEARCH_PATHS = (
					"$(SDKROOT)/Developer/Library/Frameworks",
					"$(inherited)",
				);
				GCC_PREPROCESSOR_DEFINITIONS = (
					"DEBUG=1",
					"$(inherited)",
				);
				INFOPLIST_FILE = MapLocationTests/Info.plist;
				LD_RUNPATH_SEARCH_PATHS = "$(inherited) @executable_path/Frameworks @loader_path/Frameworks";
				PRODUCT_NAME = "$(TARGET_NAME)";
				TEST_HOST = "$(BUILT_PRODUCTS_DIR)/MapLocation.app/MapLocation";
			};
			name = Debug;
		};
		67FBB7501D67CAFD00999538 /* Release */ = {
			isa = XCBuildConfiguration;
			buildSettings = {
				BUNDLE_LOADER = "$(TEST_HOST)";
				FRAMEWORK_SEARCH_PATHS = (
					"$(SDKROOT)/Developer/Library/Frameworks",
					"$(inherited)",
				);
				INFOPLIST_FILE = MapLocationTests/Info.plist;
				LD_RUNPATH_SEARCH_PATHS = "$(inherited) @executable_path/Frameworks @loader_path/Frameworks";
				PRODUCT_NAME = "$(TARGET_NAME)";
				TEST_HOST = "$(BUILT_PRODUCTS_DIR)/MapLocation.app/MapLocation";
			};
			name = Release;
		};
/* End XCBuildConfiguration section */

/* Begin XCConfigurationList section */
		67FBB7271D67CAFC00999538 /* Build configuration list for PBXProject "MapLocation" */ = {
			isa = XCConfigurationList;
			buildConfigurations = (
				67FBB7491D67CAFD00999538 /* Debug */,
				67FBB74A1D67CAFD00999538 /* Release */,
			);
			defaultConfigurationIsVisible = 0;
			defaultConfigurationName = Release;
		};
		67FBB74B1D67CAFD00999538 /* Build configuration list for PBXNativeTarget "MapLocation" */ = {
			isa = XCConfigurationList;
			buildConfigurations = (
				67FBB74C1D67CAFD00999538 /* Debug */,
				67FBB74D1D67CAFD00999538 /* Release */,
			);
			defaultConfigurationIsVisible = 0;
		};
		67FBB74E1D67CAFD00999538 /* Build configuration list for PBXNativeTarget "MapLocationTests" */ = {
			isa = XCConfigurationList;
			buildConfigurations = (
				67FBB74F1D67CAFD00999538 /* Debug */,
				67FBB7501D67CAFD00999538 /* Release */,
			);
			defaultConfigurationIsVisible = 0;
		};
/* End XCConfigurationList section */
	};
	rootObject = 67FBB7241D67CAFC00999538 /* Project object */;
}
